// !$*UTF8*$!
{
	archiveVersion = 1;
	classes = {
	};
	objectVersion = 51;
	objects = {

/* Begin PBXBuildFile section */
		86490161EEB44F54FBDD0622 /* Pods_NewsLineDN.framework in Frameworks */ = {isa = PBXBuildFile; fileRef = 72F28F4C2744AAC8F7358D62 /* Pods_NewsLineDN.framework */; };
		995719F423D814A50086956C /* AppDelegate.swift in Sources */ = {isa = PBXBuildFile; fileRef = 995719F323D814A50086956C /* AppDelegate.swift */; };
		995719F623D814A50086956C /* SceneDelegate.swift in Sources */ = {isa = PBXBuildFile; fileRef = 995719F523D814A50086956C /* SceneDelegate.swift */; };
		995719FB23D814A60086956C /* Main.storyboard in Resources */ = {isa = PBXBuildFile; fileRef = 995719F923D814A60086956C /* Main.storyboard */; };
		995719FD23D814A80086956C /* Assets.xcassets in Resources */ = {isa = PBXBuildFile; fileRef = 995719FC23D814A80086956C /* Assets.xcassets */; };
		99571A0023D814A80086956C /* LaunchScreen.storyboard in Resources */ = {isa = PBXBuildFile; fileRef = 995719FE23D814A80086956C /* LaunchScreen.storyboard */; };
		99571A0823D81E0E0086956C /* NewsLineViewController.swift in Sources */ = {isa = PBXBuildFile; fileRef = 99571A0723D81E0E0086956C /* NewsLineViewController.swift */; };
		99571A1023D82A8D0086956C /* NewsTableViewCell.swift in Sources */ = {isa = PBXBuildFile; fileRef = 99571A0E23D82A8D0086956C /* NewsTableViewCell.swift */; };
		99571A1123D82A8D0086956C /* NewsTableViewCell.xib in Resources */ = {isa = PBXBuildFile; fileRef = 99571A0F23D82A8D0086956C /* NewsTableViewCell.xib */; };
		99571A1423D83A070086956C /* WebViewController.swift in Sources */ = {isa = PBXBuildFile; fileRef = 99571A1223D83A070086956C /* WebViewController.swift */; };
		99571A1523D83A070086956C /* WebViewController.xib in Resources */ = {isa = PBXBuildFile; fileRef = 99571A1323D83A070086956C /* WebViewController.xib */; };
		99571A1923D867530086956C /* NewsModel.swift in Sources */ = {isa = PBXBuildFile; fileRef = 99571A1823D867530086956C /* NewsModel.swift */; };
		99571A1C23D869840086956C /* NewsTableViewModel.swift in Sources */ = {isa = PBXBuildFile; fileRef = 99571A1B23D869840086956C /* NewsTableViewModel.swift */; };
		99571A1F23D8718F0086956C /* AlamofireNetworkRequest.swift in Sources */ = {isa = PBXBuildFile; fileRef = 99571A1E23D8718F0086956C /* AlamofireNetworkRequest.swift */; };
		995B02D623D94626005008AC /* TableViewCellViewModelType.swift in Sources */ = {isa = PBXBuildFile; fileRef = 995B02D523D94626005008AC /* TableViewCellViewModelType.swift */; };
		995B02D823D94788005008AC /* TableViewCellViewModel.swift in Sources */ = {isa = PBXBuildFile; fileRef = 995B02D723D94788005008AC /* TableViewCellViewModel.swift */; };
		995B02DA23D99902005008AC /* Network.swift in Sources */ = {isa = PBXBuildFile; fileRef = 995B02D923D99902005008AC /* Network.swift */; };
/* End PBXBuildFile section */

/* Begin PBXFileReference section */
		27CF7580AD18B6E9F9AEFE76 /* Pods-NewsLineDN.release.xcconfig */ = {isa = PBXFileReference; includeInIndex = 1; lastKnownFileType = text.xcconfig; name = "Pods-NewsLineDN.release.xcconfig"; path = "Target Support Files/Pods-NewsLineDN/Pods-NewsLineDN.release.xcconfig"; sourceTree = "<group>"; };
		327AAE0DAF80447A1F01E959 /* Pods-NewsLineDN.debug.xcconfig */ = {isa = PBXFileReference; includeInIndex = 1; lastKnownFileType = text.xcconfig; name = "Pods-NewsLineDN.debug.xcconfig"; path = "Target Support Files/Pods-NewsLineDN/Pods-NewsLineDN.debug.xcconfig"; sourceTree = "<group>"; };
		72F28F4C2744AAC8F7358D62 /* Pods_NewsLineDN.framework */ = {isa = PBXFileReference; explicitFileType = wrapper.framework; includeInIndex = 0; path = Pods_NewsLineDN.framework; sourceTree = BUILT_PRODUCTS_DIR; };
		995719F023D814A50086956C /* NewsLineDN.app */ = {isa = PBXFileReference; explicitFileType = wrapper.application; includeInIndex = 0; path = NewsLineDN.app; sourceTree = BUILT_PRODUCTS_DIR; };
		995719F323D814A50086956C /* AppDelegate.swift */ = {isa = PBXFileReference; lastKnownFileType = sourcecode.swift; path = AppDelegate.swift; sourceTree = "<group>"; };
		995719F523D814A50086956C /* SceneDelegate.swift */ = {isa = PBXFileReference; lastKnownFileType = sourcecode.swift; path = SceneDelegate.swift; sourceTree = "<group>"; };
		995719FA23D814A60086956C /* Base */ = {isa = PBXFileReference; lastKnownFileType = file.storyboard; name = Base; path = Base.lproj/Main.storyboard; sourceTree = "<group>"; };
		995719FC23D814A80086956C /* Assets.xcassets */ = {isa = PBXFileReference; lastKnownFileType = folder.assetcatalog; path = Assets.xcassets; sourceTree = "<group>"; };
		995719FF23D814A80086956C /* Base */ = {isa = PBXFileReference; lastKnownFileType = file.storyboard; name = Base; path = Base.lproj/LaunchScreen.storyboard; sourceTree = "<group>"; };
		99571A0123D814A80086956C /* Info.plist */ = {isa = PBXFileReference; lastKnownFileType = text.plist.xml; path = Info.plist; sourceTree = "<group>"; };
		99571A0723D81E0E0086956C /* NewsLineViewController.swift */ = {isa = PBXFileReference; lastKnownFileType = sourcecode.swift; path = NewsLineViewController.swift; sourceTree = "<group>"; };
		99571A0E23D82A8D0086956C /* NewsTableViewCell.swift */ = {isa = PBXFileReference; lastKnownFileType = sourcecode.swift; path = NewsTableViewCell.swift; sourceTree = "<group>"; };
		99571A0F23D82A8D0086956C /* NewsTableViewCell.xib */ = {isa = PBXFileReference; lastKnownFileType = file.xib; path = NewsTableViewCell.xib; sourceTree = "<group>"; };
		99571A1223D83A070086956C /* WebViewController.swift */ = {isa = PBXFileReference; lastKnownFileType = sourcecode.swift; path = WebViewController.swift; sourceTree = "<group>"; };
		99571A1323D83A070086956C /* WebViewController.xib */ = {isa = PBXFileReference; lastKnownFileType = file.xib; path = WebViewController.xib; sourceTree = "<group>"; };
		99571A1823D867530086956C /* NewsModel.swift */ = {isa = PBXFileReference; lastKnownFileType = sourcecode.swift; path = NewsModel.swift; sourceTree = "<group>"; };
		99571A1B23D869840086956C /* NewsTableViewModel.swift */ = {isa = PBXFileReference; lastKnownFileType = sourcecode.swift; path = NewsTableViewModel.swift; sourceTree = "<group>"; };
		99571A1E23D8718F0086956C /* AlamofireNetworkRequest.swift */ = {isa = PBXFileReference; lastKnownFileType = sourcecode.swift; path = AlamofireNetworkRequest.swift; sourceTree = "<group>"; };
		995B02D523D94626005008AC /* TableViewCellViewModelType.swift */ = {isa = PBXFileReference; lastKnownFileType = sourcecode.swift; path = TableViewCellViewModelType.swift; sourceTree = "<group>"; };
		995B02D723D94788005008AC /* TableViewCellViewModel.swift */ = {isa = PBXFileReference; lastKnownFileType = sourcecode.swift; path = TableViewCellViewModel.swift; sourceTree = "<group>"; };
		995B02D923D99902005008AC /* Network.swift */ = {isa = PBXFileReference; lastKnownFileType = sourcecode.swift; path = Network.swift; sourceTree = "<group>"; };
/* End PBXFileReference section */

/* Begin PBXFrameworksBuildPhase section */
		995719ED23D814A50086956C /* Frameworks */ = {
			isa = PBXFrameworksBuildPhase;
			buildActionMask = 2147483647;
			files = (
				86490161EEB44F54FBDD0622 /* Pods_NewsLineDN.framework in Frameworks */,
			);
			runOnlyForDeploymentPostprocessing = 0;
		};
/* End PBXFrameworksBuildPhase section */

/* Begin PBXGroup section */
		995719E723D814A50086956C = {
			isa = PBXGroup;
			children = (
				995719F223D814A50086956C /* NewsLineDN */,
				995719F123D814A50086956C /* Products */,
				CBC566EF80C3A36D5233CF44 /* Pods */,
				F249F8EC16C135890CB11436 /* Frameworks */,
			);
			sourceTree = "<group>";
		};
		995719F123D814A50086956C /* Products */ = {
			isa = PBXGroup;
			children = (
				995719F023D814A50086956C /* NewsLineDN.app */,
			);
			name = Products;
			sourceTree = "<group>";
		};
		995719F223D814A50086956C /* NewsLineDN */ = {
			isa = PBXGroup;
			children = (
				99571A1D23D871550086956C /* Network */,
				99571A1723D866C50086956C /* Model */,
				99571A0923D828A60086956C /* View */,
				99571A1623D866AC0086956C /* ViewModel */,
				995B02D423D945FC005008AC /* Protocols */,
				995719F323D814A50086956C /* AppDelegate.swift */,
				995719F523D814A50086956C /* SceneDelegate.swift */,
				995719F923D814A60086956C /* Main.storyboard */,
				995719FC23D814A80086956C /* Assets.xcassets */,
				995719FE23D814A80086956C /* LaunchScreen.storyboard */,
				99571A0123D814A80086956C /* Info.plist */,
			);
			path = NewsLineDN;
			sourceTree = "<group>";
		};
		99571A0923D828A60086956C /* View */ = {
			isa = PBXGroup;
			children = (
				99571A0E23D82A8D0086956C /* NewsTableViewCell.swift */,
				99571A0F23D82A8D0086956C /* NewsTableViewCell.xib */,
				99571A1223D83A070086956C /* WebViewController.swift */,
				99571A1323D83A070086956C /* WebViewController.xib */,
				99571A0723D81E0E0086956C /* NewsLineViewController.swift */,
			);
			path = View;
			sourceTree = "<group>";
		};
		99571A1623D866AC0086956C /* ViewModel */ = {
			isa = PBXGroup;
			children = (
				99571A1B23D869840086956C /* NewsTableViewModel.swift */,
				995B02D723D94788005008AC /* TableViewCellViewModel.swift */,
			);
			path = ViewModel;
			sourceTree = "<group>";
		};
		99571A1723D866C50086956C /* Model */ = {
			isa = PBXGroup;
			children = (
				99571A1823D867530086956C /* NewsModel.swift */,
			);
			path = Model;
			sourceTree = "<group>";
		};
		99571A1D23D871550086956C /* Network */ = {
			isa = PBXGroup;
			children = (
				99571A1E23D8718F0086956C /* AlamofireNetworkRequest.swift */,
				995B02D923D99902005008AC /* Network.swift */,
			);
			path = Network;
			sourceTree = "<group>";
		};
		995B02D423D945FC005008AC /* Protocols */ = {
			isa = PBXGroup;
			children = (
				995B02D523D94626005008AC /* TableViewCellViewModelType.swift */,
			);
			path = Protocols;
			sourceTree = "<group>";
		};
		CBC566EF80C3A36D5233CF44 /* Pods */ = {
			isa = PBXGroup;
			children = (
				327AAE0DAF80447A1F01E959 /* Pods-NewsLineDN.debug.xcconfig */,
				27CF7580AD18B6E9F9AEFE76 /* Pods-NewsLineDN.release.xcconfig */,
			);
			path = Pods;
			sourceTree = "<group>";
		};
		F249F8EC16C135890CB11436 /* Frameworks */ = {
			isa = PBXGroup;
			children = (
				72F28F4C2744AAC8F7358D62 /* Pods_NewsLineDN.framework */,
			);
			name = Frameworks;
			sourceTree = "<group>";
		};
/* End PBXGroup section */

/* Begin PBXNativeTarget section */
		995719EF23D814A50086956C /* NewsLineDN */ = {
			isa = PBXNativeTarget;
			buildConfigurationList = 99571A0423D814A80086956C /* Build configuration list for PBXNativeTarget "NewsLineDN" */;
			buildPhases = (
				B9C7F292CAE63C0AC14017E0 /* [CP] Check Pods Manifest.lock */,
				995719EC23D814A50086956C /* Sources */,
				995719ED23D814A50086956C /* Frameworks */,
				995719EE23D814A50086956C /* Resources */,
				B85302BACE95BACBB7AD736E /* [CP] Embed Pods Frameworks */,
			);
			buildRules = (
			);
			dependencies = (
			);
			name = NewsLineDN;
			productName = NewsLineDN;
			productReference = 995719F023D814A50086956C /* NewsLineDN.app */;
			productType = "com.apple.product-type.application";
		};
/* End PBXNativeTarget section */

/* Begin PBXProject section */
		995719E823D814A50086956C /* Project object */ = {
			isa = PBXProject;
			attributes = {
				LastSwiftUpdateCheck = 1130;
				LastUpgradeCheck = 1130;
				ORGANIZATIONNAME = "Ivan Nikitin";
				TargetAttributes = {
					995719EF23D814A50086956C = {
						CreatedOnToolsVersion = 11.3.1;
					};
				};
			};
			buildConfigurationList = 995719EB23D814A50086956C /* Build configuration list for PBXProject "NewsLineDN" */;
			compatibilityVersion = "Xcode 9.3";
			developmentRegion = en;
			hasScannedForEncodings = 0;
			knownRegions = (
				en,
				Base,
			);
			mainGroup = 995719E723D814A50086956C;
			productRefGroup = 995719F123D814A50086956C /* Products */;
			projectDirPath = "";
			projectRoot = "";
			targets = (
				995719EF23D814A50086956C /* NewsLineDN */,
			);
		};
/* End PBXProject section */

/* Begin PBXResourcesBuildPhase section */
		995719EE23D814A50086956C /* Resources */ = {
			isa = PBXResourcesBuildPhase;
			buildActionMask = 2147483647;
			files = (
				99571A0023D814A80086956C /* LaunchScreen.storyboard in Resources */,
				995719FD23D814A80086956C /* Assets.xcassets in Resources */,
				995719FB23D814A60086956C /* Main.storyboard in Resources */,
				99571A1523D83A070086956C /* WebViewController.xib in Resources */,
				99571A1123D82A8D0086956C /* NewsTableViewCell.xib in Resources */,
			);
			runOnlyForDeploymentPostprocessing = 0;
		};
/* End PBXResourcesBuildPhase section */

/* Begin PBXShellScriptBuildPhase section */
		B85302BACE95BACBB7AD736E /* [CP] Embed Pods Frameworks */ = {
			isa = PBXShellScriptBuildPhase;
			buildActionMask = 2147483647;
			files = (
			);
			inputFileListPaths = (
				"${PODS_ROOT}/Target Support Files/Pods-NewsLineDN/Pods-NewsLineDN-frameworks-${CONFIGURATION}-input-files.xcfilelist",
			);
			name = "[CP] Embed Pods Frameworks";
			outputFileListPaths = (
				"${PODS_ROOT}/Target Support Files/Pods-NewsLineDN/Pods-NewsLineDN-frameworks-${CONFIGURATION}-output-files.xcfilelist",
			);
			runOnlyForDeploymentPostprocessing = 0;
			shellPath = /bin/sh;
			shellScript = "\"${PODS_ROOT}/Target Support Files/Pods-NewsLineDN/Pods-NewsLineDN-frameworks.sh\"\n";
			showEnvVarsInLog = 0;
		};
		B9C7F292CAE63C0AC14017E0 /* [CP] Check Pods Manifest.lock */ = {
			isa = PBXShellScriptBuildPhase;
			buildActionMask = 2147483647;
			files = (
			);
			inputFileListPaths = (
			);
			inputPaths = (
				"${PODS_PODFILE_DIR_PATH}/Podfile.lock",
				"${PODS_ROOT}/Manifest.lock",
			);
			name = "[CP] Check Pods Manifest.lock";
			outputFileListPaths = (
			);
			outputPaths = (
				"$(DERIVED_FILE_DIR)/Pods-NewsLineDN-checkManifestLockResult.txt",
			);
			runOnlyForDeploymentPostprocessing = 0;
			shellPath = /bin/sh;
			shellScript = "diff \"${PODS_PODFILE_DIR_PATH}/Podfile.lock\" \"${PODS_ROOT}/Manifest.lock\" > /dev/null\nif [ $? != 0 ] ; then\n    # print error to STDERR\n    echo \"error: The sandbox is not in sync with the Podfile.lock. Run 'pod install' or update your CocoaPods installation.\" >&2\n    exit 1\nfi\n# This output is used by Xcode 'outputs' to avoid re-running this script phase.\necho \"SUCCESS\" > \"${SCRIPT_OUTPUT_FILE_0}\"\n";
			showEnvVarsInLog = 0;
		};
/* End PBXShellScriptBuildPhase section */

/* Begin PBXSourcesBuildPhase section */
		995719EC23D814A50086956C /* Sources */ = {
			isa = PBXSourcesBuildPhase;
			buildActionMask = 2147483647;
			files = (
				995B02D823D94788005008AC /* TableViewCellViewModel.swift in Sources */,
				99571A1923D867530086956C /* NewsModel.swift in Sources */,
				99571A1423D83A070086956C /* WebViewController.swift in Sources */,
				995719F423D814A50086956C /* AppDelegate.swift in Sources */,
				99571A1F23D8718F0086956C /* AlamofireNetworkRequest.swift in Sources */,
				995B02DA23D99902005008AC /* Network.swift in Sources */,
				99571A1C23D869840086956C /* NewsTableViewModel.swift in Sources */,
				99571A1023D82A8D0086956C /* NewsTableViewCell.swift in Sources */,
				995719F623D814A50086956C /* SceneDelegate.swift in Sources */,
				995B02D623D94626005008AC /* TableViewCellViewModelType.swift in Sources */,
				99571A0823D81E0E0086956C /* NewsLineViewController.swift in Sources */,
			);
			runOnlyForDeploymentPostprocessing = 0;
		};
/* End PBXSourcesBuildPhase section */

/* Begin PBXVariantGroup section */
		995719F923D814A60086956C /* Main.storyboard */ = {
			isa = PBXVariantGroup;
			children = (
				995719FA23D814A60086956C /* Base */,
			);
			name = Main.storyboard;
			sourceTree = "<group>";
		};
		995719FE23D814A80086956C /* LaunchScreen.storyboard */ = {
			isa = PBXVariantGroup;
			children = (
				995719FF23D814A80086956C /* Base */,
			);
			name = LaunchScreen.storyboard;
			sourceTree = "<group>";
		};
/* End PBXVariantGroup section */

/* Begin XCBuildConfiguration section */
		99571A0223D814A80086956C /* Debug */ = {
			isa = XCBuildConfiguration;
			buildSettings = {
				ALWAYS_SEARCH_USER_PATHS = NO;
				CLANG_ANALYZER_NONNULL = YES;
				CLANG_ANALYZER_NUMBER_OBJECT_CONVERSION = YES_AGGRESSIVE;
				CLANG_CXX_LANGUAGE_STANDARD = "gnu++14";
				CLANG_CXX_LIBRARY = "libc++";
				CLANG_ENABLE_MODULES = YES;
				CLANG_ENABLE_OBJC_ARC = YES;
				CLANG_ENABLE_OBJC_WEAK = YES;
				CLANG_WARN_BLOCK_CAPTURE_AUTORELEASING = YES;
				CLANG_WARN_BOOL_CONVERSION = YES;
				CLANG_WARN_COMMA = YES;
				CLANG_WARN_CONSTANT_CONVERSION = YES;
				CLANG_WARN_DEPRECATED_OBJC_IMPLEMENTATIONS = YES;
				CLANG_WARN_DIRECT_OBJC_ISA_USAGE = YES_ERROR;
				CLANG_WARN_DOCUMENTATION_COMMENTS = YES;
				CLANG_WARN_EMPTY_BODY = YES;
				CLANG_WARN_ENUM_CONVERSION = YES;
				CLANG_WARN_INFINITE_RECURSION = YES;
				CLANG_WARN_INT_CONVERSION = YES;
				CLANG_WARN_NON_LITERAL_NULL_CONVERSION = YES;
				CLANG_WARN_OBJC_IMPLICIT_RETAIN_SELF = YES;
				CLANG_WARN_OBJC_LITERAL_CONVERSION = YES;
				CLANG_WARN_OBJC_ROOT_CLASS = YES_ERROR;
				CLANG_WARN_RANGE_LOOP_ANALYSIS = YES;
				CLANG_WARN_STRICT_PROTOTYPES = YES;
				CLANG_WARN_SUSPICIOUS_MOVE = YES;
				CLANG_WARN_UNGUARDED_AVAILABILITY = YES_AGGRESSIVE;
				CLANG_WARN_UNREACHABLE_CODE = YES;
				CLANG_WARN__DUPLICATE_METHOD_MATCH = YES;
				COPY_PHASE_STRIP = NO;
				DEBUG_INFORMATION_FORMAT = dwarf;
				ENABLE_STRICT_OBJC_MSGSEND = YES;
				ENABLE_TESTABILITY = YES;
				GCC_C_LANGUAGE_STANDARD = gnu11;
				GCC_DYNAMIC_NO_PIC = NO;
				GCC_NO_COMMON_BLOCKS = YES;
				GCC_OPTIMIZATION_LEVEL = 0;
				GCC_PREPROCESSOR_DEFINITIONS = (
					"DEBUG=1",
					"$(inherited)",
				);
				GCC_WARN_64_TO_32_BIT_CONVERSION = YES;
				GCC_WARN_ABOUT_RETURN_TYPE = YES_ERROR;
				GCC_WARN_UNDECLARED_SELECTOR = YES;
				GCC_WARN_UNINITIALIZED_AUTOS = YES_AGGRESSIVE;
				GCC_WARN_UNUSED_FUNCTION = YES;
				GCC_WARN_UNUSED_VARIABLE = YES;
				IPHONEOS_DEPLOYMENT_TARGET = 13.2;
				MTL_ENABLE_DEBUG_INFO = INCLUDE_SOURCE;
				MTL_FAST_MATH = YES;
				ONLY_ACTIVE_ARCH = YES;
				SDKROOT = iphoneos;
				SWIFT_ACTIVE_COMPILATION_CONDITIONS = DEBUG;
				SWIFT_OPTIMIZATION_LEVEL = "-Onone";
			};
			name = Debug;
		};
		99571A0323D814A80086956C /* Release */ = {
			isa = XCBuildConfiguration;
			buildSettings = {
				ALWAYS_SEARCH_USER_PATHS = NO;
				CLANG_ANALYZER_NONNULL = YES;
				CLANG_ANALYZER_NUMBER_OBJECT_CONVERSION = YES_AGGRESSIVE;
				CLANG_CXX_LANGUAGE_STANDARD = "gnu++14";
				CLANG_CXX_LIBRARY = "libc++";
				CLANG_ENABLE_MODULES = YES;
				CLANG_ENABLE_OBJC_ARC = YES;
				CLANG_ENABLE_OBJC_WEAK = YES;
				CLANG_WARN_BLOCK_CAPTURE_AUTORELEASING = YES;
				CLANG_WARN_BOOL_CONVERSION = YES;
				CLANG_WARN_COMMA = YES;
				CLANG_WARN_CONSTANT_CONVERSION = YES;
				CLANG_WARN_DEPRECATED_OBJC_IMPLEMENTATIONS = YES;
				CLANG_WARN_DIRECT_OBJC_ISA_USAGE = YES_ERROR;
				CLANG_WARN_DOCUMENTATION_COMMENTS = YES;
				CLANG_WARN_EMPTY_BODY = YES;
				CLANG_WARN_ENUM_CONVERSION = YES;
				CLANG_WARN_INFINITE_RECURSION = YES;
				CLANG_WARN_INT_CONVERSION = YES;
				CLANG_WARN_NON_LITERAL_NULL_CONVERSION = YES;
				CLANG_WARN_OBJC_IMPLICIT_RETAIN_SELF = YES;
				CLANG_WARN_OBJC_LITERAL_CONVERSION = YES;
				CLANG_WARN_OBJC_ROOT_CLASS = YES_ERROR;
				CLANG_WARN_RANGE_LOOP_ANALYSIS = YES;
				CLANG_WARN_STRICT_PROTOTYPES = YES;
				CLANG_WARN_SUSPICIOUS_MOVE = YES;
				CLANG_WARN_UNGUARDED_AVAILABILITY = YES_AGGRESSIVE;
				CLANG_WARN_UNREACHABLE_CODE = YES;
				CLANG_WARN__DUPLICATE_METHOD_MATCH = YES;
				COPY_PHASE_STRIP = NO;
				DEBUG_INFORMATION_FORMAT = "dwarf-with-dsym";
				ENABLE_NS_ASSERTIONS = NO;
				ENABLE_STRICT_OBJC_MSGSEND = YES;
				GCC_C_LANGUAGE_STANDARD = gnu11;
				GCC_NO_COMMON_BLOCKS = YES;
				GCC_WARN_64_TO_32_BIT_CONVERSION = YES;
				GCC_WARN_ABOUT_RETURN_TYPE = YES_ERROR;
				GCC_WARN_UNDECLARED_SELECTOR = YES;
				GCC_WARN_UNINITIALIZED_AUTOS = YES_AGGRESSIVE;
				GCC_WARN_UNUSED_FUNCTION = YES;
				GCC_WARN_UNUSED_VARIABLE = YES;
				IPHONEOS_DEPLOYMENT_TARGET = 13.2;
				MTL_ENABLE_DEBUG_INFO = NO;
				MTL_FAST_MATH = YES;
				SDKROOT = iphoneos;
				SWIFT_COMPILATION_MODE = wholemodule;
				SWIFT_OPTIMIZATION_LEVEL = "-O";
				VALIDATE_PRODUCT = YES;
			};
			name = Release;
		};
		99571A0523D814A80086956C /* Debug */ = {
			isa = XCBuildConfiguration;
			baseConfigurationReference = 327AAE0DAF80447A1F01E959 /* Pods-NewsLineDN.debug.xcconfig */;
			buildSettings = {
				ASSETCATALOG_COMPILER_APPICON_NAME = AppIcon;
				CODE_SIGN_STYLE = Automatic;
				DEVELOPMENT_TEAM = 5MS39QS696;
				INFOPLIST_FILE = NewsLineDN/Info.plist;
				LD_RUNPATH_SEARCH_PATHS = (
					"$(inherited)",
					"@executable_path/Frameworks",
				);
				PRODUCT_BUNDLE_IDENTIFIER = ru.appbaker.NewsLineDN;
				PRODUCT_NAME = "$(TARGET_NAME)";
				SWIFT_VERSION = 5.0;
				TARGETED_DEVICE_FAMILY = "1,2";
			};
			name = Debug;
		};
		99571A0623D814A80086956C /* Release */ = {
			isa = XCBuildConfiguration;
			baseConfigurationReference = 27CF7580AD18B6E9F9AEFE76 /* Pods-NewsLineDN.release.xcconfig */;
			buildSettings = {
				ASSETCATALOG_COMPILER_APPICON_NAME = AppIcon;
				CODE_SIGN_STYLE = Automatic;
				DEVELOPMENT_TEAM = 5MS39QS696;
				INFOPLIST_FILE = NewsLineDN/Info.plist;
				LD_RUNPATH_SEARCH_PATHS = (
					"$(inherited)",
					"@executable_path/Frameworks",
				);
				PRODUCT_BUNDLE_IDENTIFIER = ru.appbaker.NewsLineDN;
				PRODUCT_NAME = "$(TARGET_NAME)";
				SWIFT_VERSION = 5.0;
				TARGETED_DEVICE_FAMILY = "1,2";
			};
			name = Release;
		};
/* End XCBuildConfiguration section */

/* Begin XCConfigurationList section */
		995719EB23D814A50086956C /* Build configuration list for PBXProject "NewsLineDN" */ = {
			isa = XCConfigurationList;
			buildConfigurations = (
				99571A0223D814A80086956C /* Debug */,
				99571A0323D814A80086956C /* Release */,
			);
			defaultConfigurationIsVisible = 0;
			defaultConfigurationName = Release;
		};
		99571A0423D814A80086956C /* Build configuration list for PBXNativeTarget "NewsLineDN" */ = {
			isa = XCConfigurationList;
			buildConfigurations = (
				99571A0523D814A80086956C /* Debug */,
				99571A0623D814A80086956C /* Release */,
			);
			defaultConfigurationIsVisible = 0;
			defaultConfigurationName = Release;
		};
/* End XCConfigurationList section */
	};
	rootObject = 995719E823D814A50086956C /* Project object */;
}
